{
  "version": 4,
  "terraform_version": "1.1.6",
  "serial": 5,
  "lineage": "19bd8fec-b073-bd78-d3d6-5ce7eb4735da",
  "outputs": {
    "kubernetes_cluster_host": {
      "value": "34.122.90.202",
      "type": "string"
    },
    "kubernetes_cluster_name": {
      "value": "javobalapp-gke",
      "type": "string"
    },
    "project_id": {
      "value": "javobalapp",
      "type": "string"
    },
    "region": {
      "value": "us-central1",
      "type": "string"
    },
    "zone": {
      "value": "us-central1-c",
      "type": "string"
    }
  },
  "resources": [
    {
      "mode": "managed",
      "type": "google_compute_network",
      "name": "vpc",
      "provider": "provider[\"registry.terraform.io/hashicorp/google\"]",
      "instances": [
        {
          "schema_version": 0,
          "attributes": {
            "auto_create_subnetworks": false,
            "delete_default_routes_on_create": false,
            "description": "",
            "gateway_ipv4": "",
            "id": "projects/javobalapp/global/networks/javobalapp-vpc",
            "mtu": 0,
            "name": "javobalapp-vpc",
            "project": "javobalapp",
            "routing_mode": "REGIONAL",
            "self_link": "https://www.googleapis.com/compute/v1/projects/javobalapp/global/networks/javobalapp-vpc",
            "timeouts": null
          },
          "sensitive_attributes": [],
          "private": "eyJlMmJmYjczMC1lY2FhLTExZTYtOGY4OC0zNDM2M2JjN2M0YzAiOnsiY3JlYXRlIjoyNDAwMDAwMDAwMDAsImRlbGV0ZSI6MjQwMDAwMDAwMDAwLCJ1cGRhdGUiOjI0MDAwMDAwMDAwMH19"
        }
      ]
    },
    {
      "mode": "managed",
      "type": "google_compute_subnetwork",
      "name": "subnet",
      "provider": "provider[\"registry.terraform.io/hashicorp/google\"]",
      "instances": [
        {
          "schema_version": 0,
          "attributes": {
            "creation_timestamp": "2022-03-06T21:03:09.799-08:00",
            "description": "",
            "fingerprint": null,
            "gateway_address": "10.10.0.1",
            "id": "projects/javobalapp/regions/us-central1/subnetworks/javobalapp-subnet",
            "ip_cidr_range": "10.10.0.0/23",
            "log_config": [],
            "name": "javobalapp-subnet",
            "network": "https://www.googleapis.com/compute/v1/projects/javobalapp/global/networks/javobalapp-vpc",
            "private_ip_google_access": false,
            "private_ipv6_google_access": "DISABLE_GOOGLE_ACCESS",
            "project": "javobalapp",
            "region": "us-central1",
            "secondary_ip_range": [
              {
                "ip_cidr_range": "192.168.64.0/22",
                "range_name": "services-range"
              },
              {
                "ip_cidr_range": "192.168.0.0/20",
                "range_name": "pod-ranges"
              }
            ],
            "self_link": "https://www.googleapis.com/compute/v1/projects/javobalapp/regions/us-central1/subnetworks/javobalapp-subnet",
            "timeouts": null
          },
          "sensitive_attributes": [],
          "private": "eyJlMmJmYjczMC1lY2FhLTExZTYtOGY4OC0zNDM2M2JjN2M0YzAiOnsiY3JlYXRlIjozNjAwMDAwMDAwMDAsImRlbGV0ZSI6MzYwMDAwMDAwMDAwLCJ1cGRhdGUiOjM2MDAwMDAwMDAwMH19",
          "dependencies": [
            "google_compute_network.vpc"
          ]
        }
      ]
    },
    {
      "mode": "managed",
      "type": "google_container_cluster",
      "name": "primary",
      "provider": "provider[\"registry.terraform.io/hashicorp/google\"]",
      "instances": [
        {
          "schema_version": 1,
          "attributes": {
            "addons_config": [
              {
                "cloudrun_config": [],
                "horizontal_pod_autoscaling": [],
                "http_load_balancing": [],
                "network_policy_config": [
                  {
                    "disabled": true
                  }
                ]
              }
            ],
            "authenticator_groups_config": [],
            "cluster_autoscaling": [
              {
                "auto_provisioning_defaults": [],
                "enabled": false,
                "resource_limits": []
              }
            ],
            "cluster_ipv4_cidr": "192.168.64.0/22",
            "database_encryption": [
              {
                "key_name": "",
                "state": "DECRYPTED"
              }
            ],
            "default_max_pods_per_node": 32,
            "description": "",
            "enable_binary_authorization": false,
            "enable_intranode_visibility": null,
            "enable_kubernetes_alpha": false,
            "enable_legacy_abac": false,
            "enable_shielded_nodes": false,
            "enable_tpu": null,
            "endpoint": "34.122.90.202",
            "id": "projects/javobalapp/locations/us-central1-c/clusters/javobalapp-gke",
            "initial_node_count": 1,
            "instance_group_urls": [],
            "ip_allocation_policy": [
              {
                "cluster_ipv4_cidr_block": "192.168.64.0/22",
                "cluster_secondary_range_name": "services-range",
                "services_ipv4_cidr_block": "192.168.0.0/20",
                "services_secondary_range_name": "pod-ranges"
              }
            ],
            "label_fingerprint": "a9dc16a7",
            "location": "us-central1-c",
            "logging_service": "logging.googleapis.com/kubernetes",
            "maintenance_policy": [],
            "master_auth": [
              {
                "client_certificate": "",
                "client_certificate_config": [
                  {
                    "issue_client_certificate": false
                  }
                ],
                "client_key": "",
                "cluster_ca_certificate": "LS0tLS1CRUdJTiBDRVJUSUZJQ0FURS0tLS0tCk1JSUVMVENDQXBXZ0F3SUJBZ0lSQU5EYTlYeE1KY1JxQmpsZXFISG84WDB3RFFZSktvWklodmNOQVFFTEJRQXcKTHpFdE1Dc0dBMVVFQXhNa016Y3lZVFpoTWpVdE56RXpaUzAwTm1JMExUbGpaR1l0WXpnMU1UbGhPVEU0WkdKbApNQ0FYRFRJeU1ETXdOekEwTURNME1sb1lEekl3TlRJd01qSTRNRFV3TXpReVdqQXZNUzB3S3dZRFZRUURFeVF6Ck56SmhObUV5TlMwM01UTmxMVFEyWWpRdE9XTmtaaTFqT0RVeE9XRTVNVGhrWW1Vd2dnR2lNQTBHQ1NxR1NJYjMKRFFFQkFRVUFBNElCandBd2dnR0tBb0lCZ1FDNStIMUVwYVJPTk9FdDJOaVc0QUpLd3FpNnZLS1VxNXMxbGFRdwpNeUVTaDFxU1FaaGdhaE5TK2dDN0svR2hWVENYT00vZkkvU0Z2ZEtRbENFUGtLbEFqQ0NZOFVpazI3ak8zQWl4CjBTMG5xMTdFYUdZVDA1Q2RtbWI0ZGdiajJWaGdGU2lYQithRXRDQjFQNk52RDBzeGVpbkt4WHhWZXdUeW1GNzEKc08xdnAvekVCUUI0UmpVZVVPTlIxWWpxbzlPakU1UDBiWGlLd2w1RWRIZVFzMjhVZGVYejNIb3haL0FFVzJsTwp1OHZodjhhMkFEUmttUUlKRzgxOFQ4U3Fhb09VNjlZUmVKbzhkOGxxVS9JRldhZkcwUEtzSmpSemJPZGRpYWhYCndqNlloZGltTXpsQ09sMTE4NWY5UDJzWXhYYm03REVkU1pUQnFXZWhNRjdua3dpZGtJVUZpSXhNTklHYmMrSHEKQ0tXVFJOeklRMkNNZHk3N2svNkJsT2k3RFUyODRJL3IzVTl2V1J5ck9aZXdZaUl6ZnVhSnJ5ak1pODFXUkgrMQprdjFDODdXaTR2RlJnN2pERmZhd1ZyRTJoYlEvblVQYlhyb29uaHVOTVczR0NxUlpVV2VRN3YvR3J3ckV6NWhUCjBUUWNkU1pxNlo1eWh4aS84QVdXVmpjU0pxMENBd0VBQWFOQ01FQXdEZ1lEVlIwUEFRSC9CQVFEQWdJRU1BOEcKQTFVZEV3RUIvd1FGTUFNQkFmOHdIUVlEVlIwT0JCWUVGUHp4V0ppNU1PMG1MSzNJVVdqRldrSGtCbkdpTUEwRwpDU3FHU0liM0RRRUJDd1VBQTRJQmdRQ2kyNTFOOUlVc29PQVA1QVZLSGNVdVBFM0tkditCeVFiNG44TERaMG1jCk04MHN3YjcrRzdlMEhaQUI5dmx1YUs0NjZHUHpZSDEydUJ1MHNwSlZ4MlUyMmxxNU9KK0FIbnU5WHpvbEQ2Y1QKOVBUMytSdGZoQXllcVpXUFpmdzYrYmlqRnZqYWNHb3BzSEQ3SFEwUjRra2dRMExhUGlBMTdlb1BPUmFVUFpFTwpvNUtodmVuTzBKVzM2T0xBUmIzL0REYUEzckJ0N3h6bFlGUE5OTDhEcldsV0trUmdwQlE4TEpHbEZIWTZ1cWVaCjcyYjBWSXlEaHpWQnJGeUY5WnllTjNVZ3JTNGN3WUhBZVNFcDRBcjNOdVpQYzVkVFNBQVVsVmJvWHByR3NUemoKL3JmY0tHZ05MSktaN2RiNmhZKzdnMDV3YVVBYjlrM3BaR3hSQTFtbHBTUGlUTDU4Qjd4M0h6aHN4RXpnM2VScQplOTNGNTVvQTJqYStUSVQ1NGRsTnhENXhyWEs2SDhNenhwdU8yWDJTNlhjVVJhT3RhZzFXWjRzZDFGM2FrWndICng5WjZGd0VwSnA1ZlFiajdjTGEvTy9YSllJeXlUcFhzeTJNK0xOWjk3WHpsY2gwVjlEZlp0ZHZ0cXVMdHF0OU4Kd21aVTZpU3NndDNNSmpsbGpWaFdHWXc9Ci0tLS0tRU5EIENFUlRJRklDQVRFLS0tLS0K",
                "password": "",
                "username": ""
              }
            ],
            "master_authorized_networks_config": [],
            "master_version": "1.22.6-gke.300",
            "min_master_version": null,
            "monitoring_service": "monitoring.googleapis.com/kubernetes",
            "name": "javobalapp-gke",
            "network": "projects/javobalapp/global/networks/javobalapp-vpc",
            "network_policy": [
              {
                "enabled": false,
                "provider": "PROVIDER_UNSPECIFIED"
              }
            ],
            "node_config": [],
            "node_locations": [],
            "node_pool": [],
            "node_version": "1.22.6-gke.300",
            "operation": null,
            "pod_security_policy_config": [],
            "private_cluster_config": [],
            "project": "javobalapp",
            "release_channel": [
              {
                "channel": "RAPID"
              }
            ],
            "remove_default_node_pool": true,
            "resource_labels": null,
            "resource_usage_export_config": [],
            "self_link": "https://container.googleapis.com/v1beta1/projects/javobalapp/zones/us-central1-c/clusters/javobalapp-gke",
            "services_ipv4_cidr": "192.168.0.0/20",
            "subnetwork": "projects/javobalapp/regions/us-central1/subnetworks/javobalapp-subnet",
            "timeouts": null,
            "vertical_pod_autoscaling": [],
            "workload_identity_config": []
          },
          "sensitive_attributes": [],
          "private": "eyJlMmJmYjczMC1lY2FhLTExZTYtOGY4OC0zNDM2M2JjN2M0YzAiOnsiY3JlYXRlIjoyNDAwMDAwMDAwMDAwLCJkZWxldGUiOjI0MDAwMDAwMDAwMDAsInJlYWQiOjI0MDAwMDAwMDAwMDAsInVwZGF0ZSI6MzYwMDAwMDAwMDAwMH0sInNjaGVtYV92ZXJzaW9uIjoiMSJ9",
          "dependencies": [
            "google_compute_network.vpc",
            "google_compute_subnetwork.subnet"
          ]
        }
      ]
    },
    {
      "mode": "managed",
      "type": "google_container_node_pool",
      "name": "primary_nodes",
      "provider": "provider[\"registry.terraform.io/hashicorp/google\"]",
      "instances": [
        {
          "schema_version": 1,
          "attributes": {
            "autoscaling": [],
            "cluster": "javobalapp-gke",
            "id": "projects/javobalapp/locations/us-central1-c/clusters/javobalapp-gke/nodePools/javobalapp-gke-node-pool",
            "initial_node_count": 3,
            "instance_group_urls": [
              "https://www.googleapis.com/compute/v1/projects/javobalapp/zones/us-central1-c/instanceGroupManagers/gke-javobalapp-gke-javobalapp-gke-nod-df4c2c63-grp"
            ],
            "location": "us-central1-c",
            "management": [
              {
                "auto_repair": true,
                "auto_upgrade": true
              }
            ],
            "max_pods_per_node": 32,
            "name": "javobalapp-gke-node-pool",
            "name_prefix": "",
            "node_config": [
              {
                "disk_size_gb": 100,
                "disk_type": "pd-standard",
                "guest_accelerator": [],
                "image_type": "COS_CONTAINERD",
                "labels": {
                  "env": "javobalapp"
                },
                "local_ssd_count": 0,
                "machine_type": "e2-micro",
                "metadata": {
                  "disable-legacy-endpoints": "true"
                },
                "min_cpu_platform": "",
                "oauth_scopes": [
                  "https://www.googleapis.com/auth/cloud-platform"
                ],
                "preemptible": false,
                "service_account": "default",
                "shielded_instance_config": [
                  {
                    "enable_integrity_monitoring": true,
                    "enable_secure_boot": false
                  }
                ],
                "tags": [
                  "gke-node",
                  "javobalapp-gke"
                ],
                "taint": [],
                "workload_metadata_config": []
              }
            ],
            "node_count": 3,
            "node_locations": [
              "us-central1-c"
            ],
            "project": "javobalapp",
            "timeouts": null,
            "upgrade_settings": [
              {
                "max_surge": 1,
                "max_unavailable": 0
              }
            ],
            "version": "1.22.6-gke.300"
          },
          "sensitive_attributes": [],
          "private": "eyJlMmJmYjczMC1lY2FhLTExZTYtOGY4OC0zNDM2M2JjN2M0YzAiOnsiY3JlYXRlIjoxODAwMDAwMDAwMDAwLCJkZWxldGUiOjE4MDAwMDAwMDAwMDAsInVwZGF0ZSI6MTgwMDAwMDAwMDAwMH0sInNjaGVtYV92ZXJzaW9uIjoiMSJ9",
          "dependencies": [
            "google_compute_network.vpc",
            "google_compute_subnetwork.subnet",
            "google_container_cluster.primary"
          ]
        }
      ]
    }
  ]
}
