{
  "version": 4,
  "terraform_version": "1.1.6",
  "serial": 50,
  "lineage": "f0f49d88-da52-3a40-887d-eb1f8d59e4bf",
  "outputs": {
    "kubernetes_cluster_host": {
      "value": "34.123.140.97",
      "type": "string"
    },
    "kubernetes_cluster_name": {
      "value": "javobalapp-gke",
      "type": "string"
    },
    "project_id": {
      "value": "javobalapp",
      "type": "string"
    },
    "region": {
      "value": "us-central1",
      "type": "string"
    },
    "zone": {
      "value": "us-central1-c",
      "type": "string"
    }
  },
  "resources": [
    {
      "mode": "managed",
      "type": "google_compute_network",
      "name": "vpc",
      "provider": "provider[\"registry.terraform.io/hashicorp/google\"]",
      "instances": [
        {
          "schema_version": 0,
          "attributes": {
            "auto_create_subnetworks": false,
            "delete_default_routes_on_create": false,
            "description": "",
            "gateway_ipv4": "",
            "id": "projects/javobalapp/global/networks/javobalapp-vpc",
            "mtu": 0,
            "name": "javobalapp-vpc",
            "project": "javobalapp",
            "routing_mode": "REGIONAL",
            "self_link": "https://www.googleapis.com/compute/v1/projects/javobalapp/global/networks/javobalapp-vpc",
            "timeouts": null
          },
          "sensitive_attributes": [],
          "private": "eyJlMmJmYjczMC1lY2FhLTExZTYtOGY4OC0zNDM2M2JjN2M0YzAiOnsiY3JlYXRlIjoyNDAwMDAwMDAwMDAsImRlbGV0ZSI6MjQwMDAwMDAwMDAwLCJ1cGRhdGUiOjI0MDAwMDAwMDAwMH19"
        }
      ]
    },
    {
      "mode": "managed",
      "type": "google_compute_subnetwork",
      "name": "subnet",
      "provider": "provider[\"registry.terraform.io/hashicorp/google\"]",
      "instances": [
        {
          "schema_version": 0,
          "attributes": {
            "creation_timestamp": "2022-03-06T15:58:59.282-08:00",
            "description": "",
            "fingerprint": null,
            "gateway_address": "10.10.0.1",
            "id": "projects/javobalapp/regions/us-central1/subnetworks/javobalapp-subnet",
            "ip_cidr_range": "10.10.0.0/23",
            "log_config": [],
            "name": "javobalapp-subnet",
            "network": "https://www.googleapis.com/compute/v1/projects/javobalapp/global/networks/javobalapp-vpc",
            "private_ip_google_access": false,
            "private_ipv6_google_access": "DISABLE_GOOGLE_ACCESS",
            "project": "javobalapp",
            "region": "us-central1",
            "secondary_ip_range": [
              {
                "ip_cidr_range": "192.168.64.0/22",
                "range_name": "services-range"
              },
              {
                "ip_cidr_range": "192.168.0.0/20",
                "range_name": "pod-ranges"
              }
            ],
            "self_link": "https://www.googleapis.com/compute/v1/projects/javobalapp/regions/us-central1/subnetworks/javobalapp-subnet",
            "timeouts": null
          },
          "sensitive_attributes": [],
          "private": "eyJlMmJmYjczMC1lY2FhLTExZTYtOGY4OC0zNDM2M2JjN2M0YzAiOnsiY3JlYXRlIjozNjAwMDAwMDAwMDAsImRlbGV0ZSI6MzYwMDAwMDAwMDAwLCJ1cGRhdGUiOjM2MDAwMDAwMDAwMH19",
          "dependencies": [
            "google_compute_network.vpc"
          ]
        }
      ]
    },
    {
      "mode": "managed",
      "type": "google_container_cluster",
      "name": "primary",
      "provider": "provider[\"registry.terraform.io/hashicorp/google\"]",
      "instances": [
        {
          "schema_version": 1,
          "attributes": {
            "addons_config": [
              {
                "cloudrun_config": [],
                "horizontal_pod_autoscaling": [],
                "http_load_balancing": [],
                "network_policy_config": [
                  {
                    "disabled": true
                  }
                ]
              }
            ],
            "authenticator_groups_config": [],
            "cluster_autoscaling": [
              {
                "auto_provisioning_defaults": [],
                "enabled": false,
                "resource_limits": []
              }
            ],
            "cluster_ipv4_cidr": "192.168.64.0/22",
            "database_encryption": [
              {
                "key_name": "",
                "state": "DECRYPTED"
              }
            ],
            "default_max_pods_per_node": 32,
            "description": "",
            "enable_binary_authorization": false,
            "enable_intranode_visibility": null,
            "enable_kubernetes_alpha": false,
            "enable_legacy_abac": false,
            "enable_shielded_nodes": false,
            "enable_tpu": null,
            "endpoint": "34.123.140.97",
            "id": "projects/javobalapp/locations/us-central1-c/clusters/javobalapp-gke",
            "initial_node_count": 1,
            "instance_group_urls": [],
            "ip_allocation_policy": [
              {
                "cluster_ipv4_cidr_block": "192.168.64.0/22",
                "cluster_secondary_range_name": "services-range",
                "services_ipv4_cidr_block": "192.168.0.0/20",
                "services_secondary_range_name": "pod-ranges"
              }
            ],
            "label_fingerprint": "a9dc16a7",
            "location": "us-central1-c",
            "logging_service": "logging.googleapis.com/kubernetes",
            "maintenance_policy": [],
            "master_auth": [
              {
                "client_certificate": "",
                "client_certificate_config": [
                  {
                    "issue_client_certificate": false
                  }
                ],
                "client_key": "",
                "cluster_ca_certificate": "LS0tLS1CRUdJTiBDRVJUSUZJQ0FURS0tLS0tCk1JSUVMRENDQXBTZ0F3SUJBZ0lRQW1iUG0wQU1LSHJhV0RpWklKR3NwekFOQmdrcWhraUc5dzBCQVFzRkFEQXYKTVMwd0t3WURWUVFERXlRNU9EYzJPRGsyWlMxbE56RXdMVFF3T0RBdFlqSTRZeTA0WWpGak1XSm1NREJoTm1FdwpJQmNOTWpJd016QTJNakkxT1RNeVdoZ1BNakExTWpBeU1qY3lNelU1TXpKYU1DOHhMVEFyQmdOVkJBTVRKRGs0Ck56WTRPVFpsTFdVM01UQXROREE0TUMxaU1qaGpMVGhpTVdNeFltWXdNR0UyWVRDQ0FhSXdEUVlKS29aSWh2Y04KQVFFQkJRQURnZ0dQQURDQ0FZb0NnZ0dCQUxzVmVTRzNFYVhjcWZWVGVicXMwY1krUFpMQWsrS3VYZEtqdHpVbgpJVUNJWGZDSERORGplaklBaklYY2dDdjlIenpVKzBqT2w5cU1EQ2NPMWlzdTlTQUliLzBCNm9zV1Y5ZVdnK1JRCmtRNDBxTjNTSDRzTkhHU2lXWnpZYm03a0NwNnc0RlJHL0NwZUVjeHZhbkRQQXRKRm94WkorUDB0YXhlQXNaY1UKQXVVeWpDRHdLS2VnTHlhaUVqWE5nRzZUeStodGF4dDc0QTVpY2J0a1grY0VyRHhsWmsxaE9LU09mYWMvbi96bgpIckxxSGhJQ0ZBOHI0aytkT2xjWTJkMi9sR0NVeUxnOG5rOTN2MVFNdlRYb08vWXRDY0lnR2dIQU1lQVpWMDl1Ci9JdWw0d2VkdHJDTStHV2ExT0NjN1lBc2tBeTd6L1N2ZmcvOFVscy9ZcTAwVDlmbnlRSWZXUW43RWpnQUtmZzEKU2sxYWtEejZXUWFKcXJIRlNDMTBHOWl6RytHQ0VkWEVGOFJIUkVsS2ppaWQySHhibE5OSTUzZ21mR2RSQU14Mwp4VVNxM1l3ZGRZaldna3N1dS9hWER5L0xjTmxkdEpZS0dmQ21RYTUxNWdJWkhKcUxWLytrNkFKbHIwRnBGbU1BClpFT3pHYVVKSUlleXBCUnJzOGhnWm1wVk53SURBUUFCbzBJd1FEQU9CZ05WSFE4QkFmOEVCQU1DQWdRd0R3WUQKVlIwVEFRSC9CQVV3QXdFQi96QWRCZ05WSFE0RUZnUVVpQkU2NHNQRGdFbTdNRGZoWk5vRTZNRGxlTkV3RFFZSgpLb1pJaHZjTkFRRUxCUUFEZ2dHQkFGYWNFcmZQZ3FqcXI1QzZ2RTFvSDdDSXlLeHlxM2pvM1hNUW14ZzVMKzFICkR5QUZveHFXaGtFbE56VWJvUkFqaWNOcnNkUkIzZ0lmTHV2VW90N3JLQzlRNHpMY21ReFBoTitHUkdxYWdYb1gKZk50ZHJSYUtMeTRjOUFuZlRvQjBUbDJBVW1DdkxxREhiL1NBTzV4ajhPRXRHNitDb0hEMzRTemJBUUJ3Um9acApJaWZ5U3oxOG1aenhWK3g0bkE0UTJuMzBLYjJMUkNPejJDZGdQU0JoTWFMUlc5cVJDVk52WEl1eVFKcnEyTU9wCmpRVU9uazMyUDdQYys2VWxTRkdVWmJ3N01lTzhaejFTa3R3ajlOTXJvMU1nVEJSNHY1VXArbTR1RDg5NjBRZkkKeC9tbmtCMWZjN3p0SHNJMk9DSVdIK2NYaFp2T0NtTnZYS3NwZEE4Z1JDNWQ3L1JoazMyQ2MrM3pXSDJlUjFTMwo3czhKaWZyM3VFVjNTczV2K2FGakxwakZHcG41dmJrWitrT1NIMml4c3FVdzVDQm43ZHE1R2dTN0pKdE1YbjZmCmIwL0ZqNGMwR1ZJTjRrRE5YaGthdk5xN0RaaTRIbnBHZHloaTlLZXQ1U1JaTGgyZjBid1FpT20ybWF6RzJmY3oKTzRIeUpENUhEbWYzcmpyY3F6cnNMdz09Ci0tLS0tRU5EIENFUlRJRklDQVRFLS0tLS0K",
                "password": "",
                "username": ""
              }
            ],
            "master_authorized_networks_config": [],
            "master_version": "1.22.6-gke.300",
            "min_master_version": null,
            "monitoring_service": "monitoring.googleapis.com/kubernetes",
            "name": "javobalapp-gke",
            "network": "projects/javobalapp/global/networks/javobalapp-vpc",
            "network_policy": [
              {
                "enabled": false,
                "provider": "PROVIDER_UNSPECIFIED"
              }
            ],
            "node_config": [],
            "node_locations": [],
            "node_pool": [],
            "node_version": "1.22.6-gke.300",
            "operation": null,
            "pod_security_policy_config": [],
            "private_cluster_config": [],
            "project": "javobalapp",
            "release_channel": [
              {
                "channel": "RAPID"
              }
            ],
            "remove_default_node_pool": true,
            "resource_labels": null,
            "resource_usage_export_config": [],
            "self_link": "https://container.googleapis.com/v1beta1/projects/javobalapp/zones/us-central1-c/clusters/javobalapp-gke",
            "services_ipv4_cidr": "192.168.0.0/20",
            "subnetwork": "projects/javobalapp/regions/us-central1/subnetworks/javobalapp-subnet",
            "timeouts": null,
            "vertical_pod_autoscaling": [],
            "workload_identity_config": []
          },
          "sensitive_attributes": [],
          "private": "eyJlMmJmYjczMC1lY2FhLTExZTYtOGY4OC0zNDM2M2JjN2M0YzAiOnsiY3JlYXRlIjoyNDAwMDAwMDAwMDAwLCJkZWxldGUiOjI0MDAwMDAwMDAwMDAsInJlYWQiOjI0MDAwMDAwMDAwMDAsInVwZGF0ZSI6MzYwMDAwMDAwMDAwMH0sInNjaGVtYV92ZXJzaW9uIjoiMSJ9",
          "dependencies": [
            "google_compute_network.vpc",
            "google_compute_subnetwork.subnet"
          ]
        }
      ]
    },
    {
      "mode": "managed",
      "type": "google_container_node_pool",
      "name": "primary_nodes",
      "provider": "provider[\"registry.terraform.io/hashicorp/google\"]",
      "instances": [
        {
          "schema_version": 1,
          "attributes": {
            "autoscaling": [],
            "cluster": "javobalapp-gke",
            "id": "projects/javobalapp/locations/us-central1-c/clusters/javobalapp-gke/nodePools/javobalapp-gke-node-pool",
            "initial_node_count": 2,
            "instance_group_urls": [
              "https://www.googleapis.com/compute/v1/projects/javobalapp/zones/us-central1-c/instanceGroupManagers/gke-javobalapp-gke-javobalapp-gke-nod-d4ffbf0f-grp"
            ],
            "location": "us-central1-c",
            "management": [
              {
                "auto_repair": true,
                "auto_upgrade": true
              }
            ],
            "max_pods_per_node": 32,
            "name": "javobalapp-gke-node-pool",
            "name_prefix": "",
            "node_config": [
              {
                "disk_size_gb": 100,
                "disk_type": "pd-standard",
                "guest_accelerator": [],
                "image_type": "COS_CONTAINERD",
                "labels": {
                  "env": "javobalapp"
                },
                "local_ssd_count": 0,
                "machine_type": "e2-micro",
                "metadata": {
                  "disable-legacy-endpoints": "true"
                },
                "min_cpu_platform": "",
                "oauth_scopes": [
                  "https://www.googleapis.com/auth/cloud-platform"
                ],
                "preemptible": false,
                "service_account": "default",
                "shielded_instance_config": [
                  {
                    "enable_integrity_monitoring": true,
                    "enable_secure_boot": false
                  }
                ],
                "tags": [
                  "gke-node",
                  "javobalapp-gke"
                ],
                "taint": [],
                "workload_metadata_config": []
              }
            ],
            "node_count": 2,
            "node_locations": [
              "us-central1-c"
            ],
            "project": "javobalapp",
            "timeouts": null,
            "upgrade_settings": [
              {
                "max_surge": 1,
                "max_unavailable": 0
              }
            ],
            "version": "1.22.6-gke.300"
          },
          "sensitive_attributes": [],
          "private": "eyJlMmJmYjczMC1lY2FhLTExZTYtOGY4OC0zNDM2M2JjN2M0YzAiOnsiY3JlYXRlIjoxODAwMDAwMDAwMDAwLCJkZWxldGUiOjE4MDAwMDAwMDAwMDAsInVwZGF0ZSI6MTgwMDAwMDAwMDAwMH0sInNjaGVtYV92ZXJzaW9uIjoiMSJ9",
          "dependencies": [
            "google_compute_network.vpc",
            "google_compute_subnetwork.subnet",
            "google_container_cluster.primary"
          ]
        }
      ]
    }
  ]
}
