{
  "version": 4,
  "terraform_version": "1.1.6",
  "serial": 4,
  "lineage": "a2d6e9f7-1834-9930-5f87-40c4a561e2ac",
  "outputs": {},
  "resources": [
    {
      "mode": "data",
      "type": "google_client_config",
      "name": "default",
      "provider": "provider[\"registry.terraform.io/hashicorp/google\"]",
      "instances": [
        {
          "schema_version": 0,
          "attributes": {
            "access_token": "ya29.A0ARrdaM9vvvs9nCUaJfNVmAL7xID26TJXmsc4rHOsp-VypgjQqp1Xv5VaagFxLbvzEELZZi79GODeFw1WJI_lkIgLqD0oDnPn258Vrdy5b9mSqx5ekJVCAFXMQ35dv6jtqpa6ee-T_rcOCWfjx3pJPaA-VdcbxQ",
            "id": "projects/javobalapp/regions/us-central1/zones/",
            "project": "javobalapp",
            "region": "us-central1",
            "zone": ""
          },
          "sensitive_attributes": []
        }
      ]
    },
    {
      "mode": "data",
      "type": "google_container_cluster",
      "name": "my_cluster",
      "provider": "provider[\"registry.terraform.io/hashicorp/google\"]",
      "instances": [
        {
          "schema_version": 0,
          "attributes": {
            "addons_config": [
              {
                "cloudrun_config": [],
                "horizontal_pod_autoscaling": [],
                "http_load_balancing": [],
                "network_policy_config": [
                  {
                    "disabled": true
                  }
                ]
              }
            ],
            "authenticator_groups_config": [],
            "cluster_autoscaling": [
              {
                "auto_provisioning_defaults": [],
                "enabled": false,
                "resource_limits": []
              }
            ],
            "cluster_ipv4_cidr": "192.168.64.0/22",
            "database_encryption": [
              {
                "key_name": "",
                "state": "DECRYPTED"
              }
            ],
            "default_max_pods_per_node": 32,
            "description": "",
            "enable_binary_authorization": false,
            "enable_intranode_visibility": null,
            "enable_kubernetes_alpha": false,
            "enable_legacy_abac": false,
            "enable_shielded_nodes": false,
            "enable_tpu": null,
            "endpoint": "34.123.140.97",
            "id": "projects/javobalapp/locations/us-central1-c/clusters/javobalapp-gke",
            "initial_node_count": 1,
            "instance_group_urls": [
              "https://www.googleapis.com/compute/v1/projects/javobalapp/zones/us-central1-c/instanceGroups/gke-javobalapp-gke-javobalapp-gke-nod-d4ffbf0f-grp"
            ],
            "ip_allocation_policy": [
              {
                "cluster_ipv4_cidr_block": "192.168.64.0/22",
                "cluster_secondary_range_name": "services-range",
                "services_ipv4_cidr_block": "192.168.0.0/20",
                "services_secondary_range_name": "pod-ranges"
              }
            ],
            "label_fingerprint": "a9dc16a7",
            "location": "us-central1-c",
            "logging_service": "logging.googleapis.com/kubernetes",
            "maintenance_policy": [],
            "master_auth": [
              {
                "client_certificate": "",
                "client_certificate_config": [
                  {
                    "issue_client_certificate": false
                  }
                ],
                "client_key": "",
                "cluster_ca_certificate": "LS0tLS1CRUdJTiBDRVJUSUZJQ0FURS0tLS0tCk1JSUVMRENDQXBTZ0F3SUJBZ0lRQW1iUG0wQU1LSHJhV0RpWklKR3NwekFOQmdrcWhraUc5dzBCQVFzRkFEQXYKTVMwd0t3WURWUVFERXlRNU9EYzJPRGsyWlMxbE56RXdMVFF3T0RBdFlqSTRZeTA0WWpGak1XSm1NREJoTm1FdwpJQmNOTWpJd016QTJNakkxT1RNeVdoZ1BNakExTWpBeU1qY3lNelU1TXpKYU1DOHhMVEFyQmdOVkJBTVRKRGs0Ck56WTRPVFpsTFdVM01UQXROREE0TUMxaU1qaGpMVGhpTVdNeFltWXdNR0UyWVRDQ0FhSXdEUVlKS29aSWh2Y04KQVFFQkJRQURnZ0dQQURDQ0FZb0NnZ0dCQUxzVmVTRzNFYVhjcWZWVGVicXMwY1krUFpMQWsrS3VYZEtqdHpVbgpJVUNJWGZDSERORGplaklBaklYY2dDdjlIenpVKzBqT2w5cU1EQ2NPMWlzdTlTQUliLzBCNm9zV1Y5ZVdnK1JRCmtRNDBxTjNTSDRzTkhHU2lXWnpZYm03a0NwNnc0RlJHL0NwZUVjeHZhbkRQQXRKRm94WkorUDB0YXhlQXNaY1UKQXVVeWpDRHdLS2VnTHlhaUVqWE5nRzZUeStodGF4dDc0QTVpY2J0a1grY0VyRHhsWmsxaE9LU09mYWMvbi96bgpIckxxSGhJQ0ZBOHI0aytkT2xjWTJkMi9sR0NVeUxnOG5rOTN2MVFNdlRYb08vWXRDY0lnR2dIQU1lQVpWMDl1Ci9JdWw0d2VkdHJDTStHV2ExT0NjN1lBc2tBeTd6L1N2ZmcvOFVscy9ZcTAwVDlmbnlRSWZXUW43RWpnQUtmZzEKU2sxYWtEejZXUWFKcXJIRlNDMTBHOWl6RytHQ0VkWEVGOFJIUkVsS2ppaWQySHhibE5OSTUzZ21mR2RSQU14Mwp4VVNxM1l3ZGRZaldna3N1dS9hWER5L0xjTmxkdEpZS0dmQ21RYTUxNWdJWkhKcUxWLytrNkFKbHIwRnBGbU1BClpFT3pHYVVKSUlleXBCUnJzOGhnWm1wVk53SURBUUFCbzBJd1FEQU9CZ05WSFE4QkFmOEVCQU1DQWdRd0R3WUQKVlIwVEFRSC9CQVV3QXdFQi96QWRCZ05WSFE0RUZnUVVpQkU2NHNQRGdFbTdNRGZoWk5vRTZNRGxlTkV3RFFZSgpLb1pJaHZjTkFRRUxCUUFEZ2dHQkFGYWNFcmZQZ3FqcXI1QzZ2RTFvSDdDSXlLeHlxM2pvM1hNUW14ZzVMKzFICkR5QUZveHFXaGtFbE56VWJvUkFqaWNOcnNkUkIzZ0lmTHV2VW90N3JLQzlRNHpMY21ReFBoTitHUkdxYWdYb1gKZk50ZHJSYUtMeTRjOUFuZlRvQjBUbDJBVW1DdkxxREhiL1NBTzV4ajhPRXRHNitDb0hEMzRTemJBUUJ3Um9acApJaWZ5U3oxOG1aenhWK3g0bkE0UTJuMzBLYjJMUkNPejJDZGdQU0JoTWFMUlc5cVJDVk52WEl1eVFKcnEyTU9wCmpRVU9uazMyUDdQYys2VWxTRkdVWmJ3N01lTzhaejFTa3R3ajlOTXJvMU1nVEJSNHY1VXArbTR1RDg5NjBRZkkKeC9tbmtCMWZjN3p0SHNJMk9DSVdIK2NYaFp2T0NtTnZYS3NwZEE4Z1JDNWQ3L1JoazMyQ2MrM3pXSDJlUjFTMwo3czhKaWZyM3VFVjNTczV2K2FGakxwakZHcG41dmJrWitrT1NIMml4c3FVdzVDQm43ZHE1R2dTN0pKdE1YbjZmCmIwL0ZqNGMwR1ZJTjRrRE5YaGthdk5xN0RaaTRIbnBHZHloaTlLZXQ1U1JaTGgyZjBid1FpT20ybWF6RzJmY3oKTzRIeUpENUhEbWYzcmpyY3F6cnNMdz09Ci0tLS0tRU5EIENFUlRJRklDQVRFLS0tLS0K",
                "password": "",
                "username": ""
              }
            ],
            "master_authorized_networks_config": [],
            "master_version": "1.22.6-gke.300",
            "min_master_version": null,
            "monitoring_service": "monitoring.googleapis.com/kubernetes",
            "name": "javobalapp-gke",
            "network": "projects/javobalapp/global/networks/javobalapp-vpc",
            "network_policy": [
              {
                "enabled": false,
                "provider": "PROVIDER_UNSPECIFIED"
              }
            ],
            "node_config": [
              {
                "disk_size_gb": 100,
                "disk_type": "pd-standard",
                "guest_accelerator": [],
                "image_type": "COS_CONTAINERD",
                "labels": {
                  "env": "javobalapp"
                },
                "local_ssd_count": 0,
                "machine_type": "e2-micro",
                "metadata": {
                  "disable-legacy-endpoints": "true"
                },
                "min_cpu_platform": "",
                "oauth_scopes": [
                  "https://www.googleapis.com/auth/cloud-platform"
                ],
                "preemptible": false,
                "service_account": "default",
                "shielded_instance_config": [
                  {
                    "enable_integrity_monitoring": true,
                    "enable_secure_boot": false
                  }
                ],
                "tags": [
                  "gke-node",
                  "javobalapp-gke"
                ],
                "taint": [],
                "workload_metadata_config": []
              }
            ],
            "node_locations": [],
            "node_pool": [
              {
                "autoscaling": [],
                "initial_node_count": 2,
                "instance_group_urls": [
                  "https://www.googleapis.com/compute/v1/projects/javobalapp/zones/us-central1-c/instanceGroupManagers/gke-javobalapp-gke-javobalapp-gke-nod-d4ffbf0f-grp"
                ],
                "management": [
                  {
                    "auto_repair": true,
                    "auto_upgrade": true
                  }
                ],
                "max_pods_per_node": 32,
                "name": "javobalapp-gke-node-pool",
                "name_prefix": "",
                "node_config": [
                  {
                    "disk_size_gb": 100,
                    "disk_type": "pd-standard",
                    "guest_accelerator": [],
                    "image_type": "COS_CONTAINERD",
                    "labels": {
                      "env": "javobalapp"
                    },
                    "local_ssd_count": 0,
                    "machine_type": "e2-micro",
                    "metadata": {
                      "disable-legacy-endpoints": "true"
                    },
                    "min_cpu_platform": "",
                    "oauth_scopes": [
                      "https://www.googleapis.com/auth/cloud-platform"
                    ],
                    "preemptible": false,
                    "service_account": "default",
                    "shielded_instance_config": [
                      {
                        "enable_integrity_monitoring": true,
                        "enable_secure_boot": false
                      }
                    ],
                    "tags": [
                      "gke-node",
                      "javobalapp-gke"
                    ],
                    "taint": [],
                    "workload_metadata_config": []
                  }
                ],
                "node_count": 2,
                "node_locations": [
                  "us-central1-c"
                ],
                "upgrade_settings": [
                  {
                    "max_surge": 1,
                    "max_unavailable": 0
                  }
                ],
                "version": "1.22.6-gke.300"
              }
            ],
            "node_version": "1.22.6-gke.300",
            "operation": null,
            "pod_security_policy_config": null,
            "private_cluster_config": [],
            "project": "javobalapp",
            "release_channel": [
              {
                "channel": "RAPID"
              }
            ],
            "remove_default_node_pool": null,
            "resource_labels": {},
            "resource_usage_export_config": [],
            "self_link": "https://container.googleapis.com/v1beta1/projects/javobalapp/zones/us-central1-c/clusters/javobalapp-gke",
            "services_ipv4_cidr": "192.168.0.0/20",
            "subnetwork": "projects/javobalapp/regions/us-central1/subnetworks/javobalapp-subnet",
            "vertical_pod_autoscaling": [],
            "workload_identity_config": []
          },
          "sensitive_attributes": []
        }
      ]
    },
    {
      "mode": "data",
      "type": "terraform_remote_state",
      "name": "gke",
      "provider": "provider[\"terraform.io/builtin/terraform\"]",
      "instances": [
        {
          "schema_version": 0,
          "attributes": {
            "backend": "local",
            "config": {
              "value": {
                "path": "../gke/terraform.tfstate"
              },
              "type": [
                "object",
                {
                  "path": "string"
                }
              ]
            },
            "defaults": null,
            "outputs": {
              "value": {
                "kubernetes_cluster_host": "34.123.140.97",
                "kubernetes_cluster_name": "javobalapp-gke",
                "project_id": "javobalapp",
                "region": "us-central1",
                "zone": "us-central1-c"
              },
              "type": [
                "object",
                {
                  "kubernetes_cluster_host": "string",
                  "kubernetes_cluster_name": "string",
                  "project_id": "string",
                  "region": "string",
                  "zone": "string"
                }
              ]
            },
            "workspace": null
          },
          "sensitive_attributes": []
        }
      ]
    },
    {
      "mode": "managed",
      "type": "helm_release",
      "name": "cert_manager",
      "provider": "provider[\"registry.terraform.io/hashicorp/helm\"]",
      "instances": [
        {
          "schema_version": 0,
          "attributes": {
            "atomic": false,
            "chart": "cert-manager",
            "cleanup_on_fail": false,
            "create_namespace": true,
            "dependency_update": false,
            "description": null,
            "devel": null,
            "disable_crd_hooks": false,
            "disable_openapi_validation": false,
            "disable_webhooks": false,
            "force_update": false,
            "id": "my-cert-manager-release",
            "keyring": null,
            "lint": false,
            "manifest": null,
            "max_history": 0,
            "metadata": [
              {
                "app_version": "v1.6.1",
                "chart": "cert-manager",
                "name": "my-cert-manager-release",
                "namespace": "cert-manager",
                "revision": 1,
                "values": "{\"global\":{\"leaderElection\":{\"namespace\":\"cert-manager\"}},\"installCRDs\":true,\"prometheus\":{\"enabled\":false}}",
                "version": "v1.6.1"
              }
            ],
            "name": "my-cert-manager-release",
            "namespace": "cert-manager",
            "postrender": [],
            "recreate_pods": false,
            "render_subchart_notes": true,
            "replace": false,
            "repository": "https://charts.jetstack.io",
            "repository_ca_file": null,
            "repository_cert_file": null,
            "repository_key_file": null,
            "repository_password": null,
            "repository_username": null,
            "reset_values": false,
            "reuse_values": false,
            "set": [
              {
                "name": "global.leaderElection.namespace",
                "type": "",
                "value": "cert-manager"
              },
              {
                "name": "installCRDs",
                "type": "",
                "value": "true"
              },
              {
                "name": "prometheus.enabled",
                "type": "",
                "value": "false"
              }
            ],
            "set_sensitive": [],
            "skip_crds": false,
            "status": "deployed",
            "timeout": 300,
            "values": null,
            "verify": false,
            "version": "v1.6.1",
            "wait": true,
            "wait_for_jobs": false
          },
          "sensitive_attributes": [],
          "private": "bnVsbA==",
          "dependencies": [
            "data.google_client_config.default",
            "data.google_container_cluster.my_cluster",
            "data.terraform_remote_state.gke"
          ]
        }
      ]
    },
    {
      "mode": "managed",
      "type": "helm_release",
      "name": "ingress-nginx",
      "provider": "provider[\"registry.terraform.io/hashicorp/helm\"]",
      "instances": [
        {
          "schema_version": 0,
          "attributes": {
            "atomic": false,
            "chart": "ingress-nginx",
            "cleanup_on_fail": false,
            "create_namespace": true,
            "dependency_update": false,
            "description": null,
            "devel": null,
            "disable_crd_hooks": false,
            "disable_openapi_validation": false,
            "disable_webhooks": false,
            "force_update": false,
            "id": "my-ingress-nginx-release",
            "keyring": null,
            "lint": false,
            "manifest": null,
            "max_history": 0,
            "metadata": [
              {
                "app_version": "1.0.5",
                "chart": "ingress-nginx",
                "name": "my-ingress-nginx-release",
                "namespace": "ingress-nginx",
                "revision": 1,
                "values": "{}",
                "version": "4.0.9"
              }
            ],
            "name": "my-ingress-nginx-release",
            "namespace": "ingress-nginx",
            "postrender": [],
            "recreate_pods": false,
            "render_subchart_notes": true,
            "replace": false,
            "repository": "https://kubernetes.github.io/ingress-nginx",
            "repository_ca_file": null,
            "repository_cert_file": null,
            "repository_key_file": null,
            "repository_password": null,
            "repository_username": null,
            "reset_values": false,
            "reuse_values": false,
            "set": [],
            "set_sensitive": [],
            "skip_crds": false,
            "status": "deployed",
            "timeout": 300,
            "values": null,
            "verify": false,
            "version": "4.0.9",
            "wait": true,
            "wait_for_jobs": false
          },
          "sensitive_attributes": [],
          "private": "bnVsbA==",
          "dependencies": [
            "data.google_client_config.default",
            "data.google_container_cluster.my_cluster",
            "data.terraform_remote_state.gke"
          ]
        }
      ]
    },
    {
      "mode": "managed",
      "type": "kubernetes_cluster_role_binding_v1",
      "name": "cluster-admin-binding",
      "provider": "provider[\"registry.terraform.io/hashicorp/kubernetes\"]",
      "instances": [
        {
          "schema_version": 0,
          "attributes": {
            "id": "cluster-admin-binding",
            "metadata": [
              {
                "annotations": null,
                "generation": 0,
                "labels": null,
                "name": "cluster-admin-binding",
                "resource_version": "78384",
                "uid": "4bb5b4ba-2658-498e-924e-f8f0150a18bf"
              }
            ],
            "role_ref": [
              {
                "api_group": "rbac.authorization.k8s.io",
                "kind": "ClusterRole",
                "name": "cluster-admin"
              }
            ],
            "subject": [
              {
                "api_group": "rbac.authorization.k8s.io",
                "kind": "User",
                "name": "javier.balam@gmail.com",
                "namespace": "default"
              }
            ]
          },
          "sensitive_attributes": [],
          "private": "bnVsbA==",
          "dependencies": [
            "data.google_client_config.default",
            "data.google_container_cluster.my_cluster",
            "data.terraform_remote_state.gke"
          ]
        }
      ]
    }
  ]
}
