{
  "version": 4,
  "terraform_version": "1.1.6",
  "serial": 3,
  "lineage": "8879c66e-6ae7-45f2-44e8-868d3eeaa385",
  "outputs": {},
  "resources": [
    {
      "mode": "data",
      "type": "google_client_config",
      "name": "default",
      "provider": "provider[\"registry.terraform.io/hashicorp/google\"]",
      "instances": [
        {
          "schema_version": 0,
          "attributes": {
            "access_token": "ya29.A0ARrdaM_upG52vbSUIs-z8qvTrvaJv_o3tw3_XQoz6qF3OJdH2EANqNu_hW6zC7kTHTCCP10eJfQrX8CxKOmXhVr41Pgcry9hNkff_TPvvl884q9nTbRwi0lQRYCC_-yYJxl4EpGnBECKtF77nyMhG7XKFnRxRw",
            "id": "projects/javobalapp/regions/us-central1/zones/",
            "project": "javobalapp",
            "region": "us-central1",
            "zone": ""
          },
          "sensitive_attributes": []
        }
      ]
    },
    {
      "mode": "data",
      "type": "google_container_cluster",
      "name": "my_cluster",
      "provider": "provider[\"registry.terraform.io/hashicorp/google\"]",
      "instances": [
        {
          "schema_version": 0,
          "attributes": {
            "addons_config": [
              {
                "cloudrun_config": [],
                "horizontal_pod_autoscaling": [],
                "http_load_balancing": [],
                "network_policy_config": [
                  {
                    "disabled": true
                  }
                ]
              }
            ],
            "authenticator_groups_config": [],
            "cluster_autoscaling": [
              {
                "auto_provisioning_defaults": [],
                "enabled": false,
                "resource_limits": []
              }
            ],
            "cluster_ipv4_cidr": "192.168.64.0/22",
            "database_encryption": [
              {
                "key_name": "",
                "state": "DECRYPTED"
              }
            ],
            "default_max_pods_per_node": 32,
            "description": "",
            "enable_binary_authorization": false,
            "enable_intranode_visibility": null,
            "enable_kubernetes_alpha": false,
            "enable_legacy_abac": false,
            "enable_shielded_nodes": false,
            "enable_tpu": null,
            "endpoint": "34.122.90.202",
            "id": "projects/javobalapp/locations/us-central1-c/clusters/javobalapp-gke",
            "initial_node_count": 1,
            "instance_group_urls": [
              "https://www.googleapis.com/compute/v1/projects/javobalapp/zones/us-central1-c/instanceGroups/gke-javobalapp-gke-javobalapp-gke-nod-df4c2c63-grp"
            ],
            "ip_allocation_policy": [
              {
                "cluster_ipv4_cidr_block": "192.168.64.0/22",
                "cluster_secondary_range_name": "services-range",
                "services_ipv4_cidr_block": "192.168.0.0/20",
                "services_secondary_range_name": "pod-ranges"
              }
            ],
            "label_fingerprint": "a9dc16a7",
            "location": "us-central1-c",
            "logging_service": "logging.googleapis.com/kubernetes",
            "maintenance_policy": [],
            "master_auth": [
              {
                "client_certificate": "",
                "client_certificate_config": [
                  {
                    "issue_client_certificate": false
                  }
                ],
                "client_key": "",
                "cluster_ca_certificate": "LS0tLS1CRUdJTiBDRVJUSUZJQ0FURS0tLS0tCk1JSUVMVENDQXBXZ0F3SUJBZ0lSQU5EYTlYeE1KY1JxQmpsZXFISG84WDB3RFFZSktvWklodmNOQVFFTEJRQXcKTHpFdE1Dc0dBMVVFQXhNa016Y3lZVFpoTWpVdE56RXpaUzAwTm1JMExUbGpaR1l0WXpnMU1UbGhPVEU0WkdKbApNQ0FYRFRJeU1ETXdOekEwTURNME1sb1lEekl3TlRJd01qSTRNRFV3TXpReVdqQXZNUzB3S3dZRFZRUURFeVF6Ck56SmhObUV5TlMwM01UTmxMVFEyWWpRdE9XTmtaaTFqT0RVeE9XRTVNVGhrWW1Vd2dnR2lNQTBHQ1NxR1NJYjMKRFFFQkFRVUFBNElCandBd2dnR0tBb0lCZ1FDNStIMUVwYVJPTk9FdDJOaVc0QUpLd3FpNnZLS1VxNXMxbGFRdwpNeUVTaDFxU1FaaGdhaE5TK2dDN0svR2hWVENYT00vZkkvU0Z2ZEtRbENFUGtLbEFqQ0NZOFVpazI3ak8zQWl4CjBTMG5xMTdFYUdZVDA1Q2RtbWI0ZGdiajJWaGdGU2lYQithRXRDQjFQNk52RDBzeGVpbkt4WHhWZXdUeW1GNzEKc08xdnAvekVCUUI0UmpVZVVPTlIxWWpxbzlPakU1UDBiWGlLd2w1RWRIZVFzMjhVZGVYejNIb3haL0FFVzJsTwp1OHZodjhhMkFEUmttUUlKRzgxOFQ4U3Fhb09VNjlZUmVKbzhkOGxxVS9JRldhZkcwUEtzSmpSemJPZGRpYWhYCndqNlloZGltTXpsQ09sMTE4NWY5UDJzWXhYYm03REVkU1pUQnFXZWhNRjdua3dpZGtJVUZpSXhNTklHYmMrSHEKQ0tXVFJOeklRMkNNZHk3N2svNkJsT2k3RFUyODRJL3IzVTl2V1J5ck9aZXdZaUl6ZnVhSnJ5ak1pODFXUkgrMQprdjFDODdXaTR2RlJnN2pERmZhd1ZyRTJoYlEvblVQYlhyb29uaHVOTVczR0NxUlpVV2VRN3YvR3J3ckV6NWhUCjBUUWNkU1pxNlo1eWh4aS84QVdXVmpjU0pxMENBd0VBQWFOQ01FQXdEZ1lEVlIwUEFRSC9CQVFEQWdJRU1BOEcKQTFVZEV3RUIvd1FGTUFNQkFmOHdIUVlEVlIwT0JCWUVGUHp4V0ppNU1PMG1MSzNJVVdqRldrSGtCbkdpTUEwRwpDU3FHU0liM0RRRUJDd1VBQTRJQmdRQ2kyNTFOOUlVc29PQVA1QVZLSGNVdVBFM0tkditCeVFiNG44TERaMG1jCk04MHN3YjcrRzdlMEhaQUI5dmx1YUs0NjZHUHpZSDEydUJ1MHNwSlZ4MlUyMmxxNU9KK0FIbnU5WHpvbEQ2Y1QKOVBUMytSdGZoQXllcVpXUFpmdzYrYmlqRnZqYWNHb3BzSEQ3SFEwUjRra2dRMExhUGlBMTdlb1BPUmFVUFpFTwpvNUtodmVuTzBKVzM2T0xBUmIzL0REYUEzckJ0N3h6bFlGUE5OTDhEcldsV0trUmdwQlE4TEpHbEZIWTZ1cWVaCjcyYjBWSXlEaHpWQnJGeUY5WnllTjNVZ3JTNGN3WUhBZVNFcDRBcjNOdVpQYzVkVFNBQVVsVmJvWHByR3NUemoKL3JmY0tHZ05MSktaN2RiNmhZKzdnMDV3YVVBYjlrM3BaR3hSQTFtbHBTUGlUTDU4Qjd4M0h6aHN4RXpnM2VScQplOTNGNTVvQTJqYStUSVQ1NGRsTnhENXhyWEs2SDhNenhwdU8yWDJTNlhjVVJhT3RhZzFXWjRzZDFGM2FrWndICng5WjZGd0VwSnA1ZlFiajdjTGEvTy9YSllJeXlUcFhzeTJNK0xOWjk3WHpsY2gwVjlEZlp0ZHZ0cXVMdHF0OU4Kd21aVTZpU3NndDNNSmpsbGpWaFdHWXc9Ci0tLS0tRU5EIENFUlRJRklDQVRFLS0tLS0K",
                "password": "",
                "username": ""
              }
            ],
            "master_authorized_networks_config": [],
            "master_version": "1.22.6-gke.300",
            "min_master_version": null,
            "monitoring_service": "monitoring.googleapis.com/kubernetes",
            "name": "javobalapp-gke",
            "network": "projects/javobalapp/global/networks/javobalapp-vpc",
            "network_policy": [
              {
                "enabled": false,
                "provider": "PROVIDER_UNSPECIFIED"
              }
            ],
            "node_config": [
              {
                "disk_size_gb": 100,
                "disk_type": "pd-standard",
                "guest_accelerator": [],
                "image_type": "COS_CONTAINERD",
                "labels": {
                  "env": "javobalapp"
                },
                "local_ssd_count": 0,
                "machine_type": "e2-micro",
                "metadata": {
                  "disable-legacy-endpoints": "true"
                },
                "min_cpu_platform": "",
                "oauth_scopes": [
                  "https://www.googleapis.com/auth/cloud-platform"
                ],
                "preemptible": false,
                "service_account": "default",
                "shielded_instance_config": [
                  {
                    "enable_integrity_monitoring": true,
                    "enable_secure_boot": false
                  }
                ],
                "tags": [
                  "gke-node",
                  "javobalapp-gke"
                ],
                "taint": [],
                "workload_metadata_config": []
              }
            ],
            "node_locations": [],
            "node_pool": [
              {
                "autoscaling": [],
                "initial_node_count": 3,
                "instance_group_urls": [
                  "https://www.googleapis.com/compute/v1/projects/javobalapp/zones/us-central1-c/instanceGroupManagers/gke-javobalapp-gke-javobalapp-gke-nod-df4c2c63-grp"
                ],
                "management": [
                  {
                    "auto_repair": true,
                    "auto_upgrade": true
                  }
                ],
                "max_pods_per_node": 32,
                "name": "javobalapp-gke-node-pool",
                "name_prefix": "",
                "node_config": [
                  {
                    "disk_size_gb": 100,
                    "disk_type": "pd-standard",
                    "guest_accelerator": [],
                    "image_type": "COS_CONTAINERD",
                    "labels": {
                      "env": "javobalapp"
                    },
                    "local_ssd_count": 0,
                    "machine_type": "e2-micro",
                    "metadata": {
                      "disable-legacy-endpoints": "true"
                    },
                    "min_cpu_platform": "",
                    "oauth_scopes": [
                      "https://www.googleapis.com/auth/cloud-platform"
                    ],
                    "preemptible": false,
                    "service_account": "default",
                    "shielded_instance_config": [
                      {
                        "enable_integrity_monitoring": true,
                        "enable_secure_boot": false
                      }
                    ],
                    "tags": [
                      "gke-node",
                      "javobalapp-gke"
                    ],
                    "taint": [],
                    "workload_metadata_config": []
                  }
                ],
                "node_count": 3,
                "node_locations": [
                  "us-central1-c"
                ],
                "upgrade_settings": [
                  {
                    "max_surge": 1,
                    "max_unavailable": 0
                  }
                ],
                "version": "1.22.6-gke.300"
              }
            ],
            "node_version": "1.22.6-gke.300",
            "operation": null,
            "pod_security_policy_config": null,
            "private_cluster_config": [],
            "project": "javobalapp",
            "release_channel": [
              {
                "channel": "RAPID"
              }
            ],
            "remove_default_node_pool": null,
            "resource_labels": {},
            "resource_usage_export_config": [],
            "self_link": "https://container.googleapis.com/v1beta1/projects/javobalapp/zones/us-central1-c/clusters/javobalapp-gke",
            "services_ipv4_cidr": "192.168.0.0/20",
            "subnetwork": "projects/javobalapp/regions/us-central1/subnetworks/javobalapp-subnet",
            "vertical_pod_autoscaling": [],
            "workload_identity_config": []
          },
          "sensitive_attributes": []
        }
      ]
    },
    {
      "mode": "data",
      "type": "terraform_remote_state",
      "name": "gke",
      "provider": "provider[\"terraform.io/builtin/terraform\"]",
      "instances": [
        {
          "schema_version": 0,
          "attributes": {
            "backend": "local",
            "config": {
              "value": {
                "path": "../gke/terraform.tfstate"
              },
              "type": [
                "object",
                {
                  "path": "string"
                }
              ]
            },
            "defaults": null,
            "outputs": {
              "value": {
                "kubernetes_cluster_host": "34.122.90.202",
                "kubernetes_cluster_name": "javobalapp-gke",
                "project_id": "javobalapp",
                "region": "us-central1",
                "zone": "us-central1-c"
              },
              "type": [
                "object",
                {
                  "kubernetes_cluster_host": "string",
                  "kubernetes_cluster_name": "string",
                  "project_id": "string",
                  "region": "string",
                  "zone": "string"
                }
              ]
            },
            "workspace": null
          },
          "sensitive_attributes": []
        }
      ]
    },
    {
      "mode": "managed",
      "type": "helm_release",
      "name": "cert_manager",
      "provider": "provider[\"registry.terraform.io/hashicorp/helm\"]",
      "instances": [
        {
          "schema_version": 0,
          "attributes": {
            "atomic": false,
            "chart": "cert-manager",
            "cleanup_on_fail": false,
            "create_namespace": true,
            "dependency_update": false,
            "description": null,
            "devel": null,
            "disable_crd_hooks": false,
            "disable_openapi_validation": false,
            "disable_webhooks": false,
            "force_update": false,
            "id": "my-cert-manager-release",
            "keyring": null,
            "lint": false,
            "manifest": null,
            "max_history": 0,
            "metadata": [
              {
                "app_version": "v1.6.1",
                "chart": "cert-manager",
                "name": "my-cert-manager-release",
                "namespace": "cert-manager",
                "revision": 1,
                "values": "{\"global\":{\"leaderElection\":{\"namespace\":\"cert-manager\"}},\"installCRDs\":true,\"prometheus\":{\"enabled\":false}}",
                "version": "v1.6.1"
              }
            ],
            "name": "my-cert-manager-release",
            "namespace": "cert-manager",
            "postrender": [],
            "recreate_pods": false,
            "render_subchart_notes": true,
            "replace": false,
            "repository": "https://charts.jetstack.io",
            "repository_ca_file": null,
            "repository_cert_file": null,
            "repository_key_file": null,
            "repository_password": null,
            "repository_username": null,
            "reset_values": false,
            "reuse_values": false,
            "set": [
              {
                "name": "global.leaderElection.namespace",
                "type": "",
                "value": "cert-manager"
              },
              {
                "name": "installCRDs",
                "type": "",
                "value": "true"
              },
              {
                "name": "prometheus.enabled",
                "type": "",
                "value": "false"
              }
            ],
            "set_sensitive": [],
            "skip_crds": false,
            "status": "deployed",
            "timeout": 300,
            "values": null,
            "verify": false,
            "version": "v1.6.1",
            "wait": true,
            "wait_for_jobs": false
          },
          "sensitive_attributes": [],
          "private": "bnVsbA==",
          "dependencies": [
            "data.google_client_config.default",
            "data.google_container_cluster.my_cluster",
            "data.terraform_remote_state.gke"
          ]
        }
      ]
    },
    {
      "mode": "managed",
      "type": "kubernetes_cluster_role_binding_v1",
      "name": "cluster-admin-binding",
      "provider": "provider[\"registry.terraform.io/hashicorp/kubernetes\"]",
      "instances": [
        {
          "schema_version": 0,
          "attributes": {
            "id": "cluster-admin-binding",
            "metadata": [
              {
                "annotations": null,
                "generation": 0,
                "labels": null,
                "name": "cluster-admin-binding",
                "resource_version": "5975",
                "uid": "a8aba25a-2412-4a01-8524-7867c5db334a"
              }
            ],
            "role_ref": [
              {
                "api_group": "rbac.authorization.k8s.io",
                "kind": "ClusterRole",
                "name": "cluster-admin"
              }
            ],
            "subject": [
              {
                "api_group": "rbac.authorization.k8s.io",
                "kind": "User",
                "name": "javier.balam@gmail.com",
                "namespace": "default"
              }
            ]
          },
          "sensitive_attributes": [],
          "private": "bnVsbA==",
          "dependencies": [
            "data.google_client_config.default",
            "data.google_container_cluster.my_cluster",
            "data.terraform_remote_state.gke"
          ]
        }
      ]
    }
  ]
}
